// !$*UTF8*$!
{
	archiveVersion = 1;
	classes = {
	};
	objectVersion = 48;
	objects = {

/* Begin PBXBuildFile section */
		0F0589872056CC4500C1BBA0 /* NSObject+LCCoding.m in Sources */ = {isa = PBXBuildFile; fileRef = 0F0589862056CC4500C1BBA0 /* NSObject+LCCoding.m */; };
		0F19C799204421CC00249E3F /* AppDelegate.m in Sources */ = {isa = PBXBuildFile; fileRef = 0F19C798204421CC00249E3F /* AppDelegate.m */; };
		0F19C79C204421CC00249E3F /* HomeViewController.m in Sources */ = {isa = PBXBuildFile; fileRef = 0F19C79B204421CC00249E3F /* HomeViewController.m */; };
		0F19C79F204421CC00249E3F /* Main.storyboard in Resources */ = {isa = PBXBuildFile; fileRef = 0F19C79D204421CC00249E3F /* Main.storyboard */; };
		0F19C7A1204421CC00249E3F /* Assets.xcassets in Resources */ = {isa = PBXBuildFile; fileRef = 0F19C7A0204421CC00249E3F /* Assets.xcassets */; };
		0F19C7A4204421CC00249E3F /* LaunchScreen.storyboard in Resources */ = {isa = PBXBuildFile; fileRef = 0F19C7A2204421CC00249E3F /* LaunchScreen.storyboard */; };
		0F19C7A7204421CC00249E3F /* main.m in Sources */ = {isa = PBXBuildFile; fileRef = 0F19C7A6204421CC00249E3F /* main.m */; };
		0F19C7B120443BA900249E3F /* UIButton+Extension.m in Sources */ = {isa = PBXBuildFile; fileRef = 0F19C7B020443BA900249E3F /* UIButton+Extension.m */; };
		0F3192C620576F6A0032ED6E /* NSObject+Item.m in Sources */ = {isa = PBXBuildFile; fileRef = 0F3192C520576F6A0032ED6E /* NSObject+Item.m */; };
		0F3192C920577CAB0032ED6E /* Movie.m in Sources */ = {isa = PBXBuildFile; fileRef = 0F3192C820577CAB0032ED6E /* Movie.m */; };
		0F3192CC2057A8930032ED6E /* Cinema.m in Sources */ = {isa = PBXBuildFile; fileRef = 0F3192CB2057A8930032ED6E /* Cinema.m */; };
		0F4E2872205112F30050ECF2 /* Cat.m in Sources */ = {isa = PBXBuildFile; fileRef = 0F4E2871205112F30050ECF2 /* Cat.m */; };
		0F4E2875205113100050ECF2 /* MsgSendViewController.m in Sources */ = {isa = PBXBuildFile; fileRef = 0F4E2874205113100050ECF2 /* MsgSendViewController.m */; };
		0F4E2879205120880050ECF2 /* AssociatedViewController.m in Sources */ = {isa = PBXBuildFile; fileRef = 0F4E2878205120880050ECF2 /* AssociatedViewController.m */; };
		0F4E287D20512A5C0050ECF2 /* MethodViewController.m in Sources */ = {isa = PBXBuildFile; fileRef = 0F4E287C20512A5C0050ECF2 /* MethodViewController.m */; };
		0F4E288020512A7B0050ECF2 /* Student.m in Sources */ = {isa = PBXBuildFile; fileRef = 0F4E287F20512A7B0050ECF2 /* Student.m */; };
		0F4E2884205135800050ECF2 /* ForwardMessageViewController.m in Sources */ = {isa = PBXBuildFile; fileRef = 0F4E2883205135800050ECF2 /* ForwardMessageViewController.m */; };
		0F4E2887205135C90050ECF2 /* Person.m in Sources */ = {isa = PBXBuildFile; fileRef = 0F4E2886205135C90050ECF2 /* Person.m */; };
		0F4E288B20513C500050ECF2 /* SwizzlMethodViewController.m in Sources */ = {isa = PBXBuildFile; fileRef = 0F4E288A20513C500050ECF2 /* SwizzlMethodViewController.m */; };
		0F4E288E20513CCF0050ECF2 /* UIImage+Extension.m in Sources */ = {isa = PBXBuildFile; fileRef = 0F4E288D20513CCF0050ECF2 /* UIImage+Extension.m */; };
		0F4E289120514AFE0050ECF2 /* Teachers.m in Sources */ = {isa = PBXBuildFile; fileRef = 0F4E289020514AFE0050ECF2 /* Teachers.m */; };
		0F4E2894205160CE0050ECF2 /* UIButton+Count.m in Sources */ = {isa = PBXBuildFile; fileRef = 0F4E2893205160CE0050ECF2 /* UIButton+Count.m */; };
		0F4E28982052330B0050ECF2 /* InvokecationController.m in Sources */ = {isa = PBXBuildFile; fileRef = 0F4E28972052330B0050ECF2 /* InvokecationController.m */; };
		0F4E28E920528DD10050ECF2 /* Girls.m in Sources */ = {isa = PBXBuildFile; fileRef = 0F4E28E820528DD10050ECF2 /* Girls.m */; };
		0FFB101B205629CC0084F7F0 /* MakeModelController.m in Sources */ = {isa = PBXBuildFile; fileRef = 0FFB101A205629CC0084F7F0 /* MakeModelController.m */; };
		0FFB101E20562BBD0084F7F0 /* HttpTool.m in Sources */ = {isa = PBXBuildFile; fileRef = 0FFB101D20562BBD0084F7F0 /* HttpTool.m */; };
		0FFB102120562F1F0084F7F0 /* GitHubModel.m in Sources */ = {isa = PBXBuildFile; fileRef = 0FFB102020562F1F0084F7F0 /* GitHubModel.m */; };
		0FFB102420562F500084F7F0 /* NSObject+Model.m in Sources */ = {isa = PBXBuildFile; fileRef = 0FFB102320562F500084F7F0 /* NSObject+Model.m */; };
		0FFB10282056508D0084F7F0 /* ArchiveViewController.m in Sources */ = {isa = PBXBuildFile; fileRef = 0FFB10272056508D0084F7F0 /* ArchiveViewController.m */; };
		0FFB102B2056510A0084F7F0 /* Dog.m in Sources */ = {isa = PBXBuildFile; fileRef = 0FFB102A2056510A0084F7F0 /* Dog.m */; };
/* End PBXBuildFile section */

/* Begin PBXFileReference section */
		0F0589852056CC4500C1BBA0 /* NSObject+LCCoding.h */ = {isa = PBXFileReference; lastKnownFileType = sourcecode.c.h; path = "NSObject+LCCoding.h"; sourceTree = "<group>"; };
		0F0589862056CC4500C1BBA0 /* NSObject+LCCoding.m */ = {isa = PBXFileReference; lastKnownFileType = sourcecode.c.objc; path = "NSObject+LCCoding.m"; sourceTree = "<group>"; };
		0F19C794204421CC00249E3F /* TestRuntime.app */ = {isa = PBXFileReference; explicitFileType = wrapper.application; includeInIndex = 0; path = TestRuntime.app; sourceTree = BUILT_PRODUCTS_DIR; };
		0F19C797204421CC00249E3F /* AppDelegate.h */ = {isa = PBXFileReference; lastKnownFileType = sourcecode.c.h; path = AppDelegate.h; sourceTree = "<group>"; };
		0F19C798204421CC00249E3F /* AppDelegate.m */ = {isa = PBXFileReference; lastKnownFileType = sourcecode.c.objc; path = AppDelegate.m; sourceTree = "<group>"; };
		0F19C79A204421CC00249E3F /* HomeViewController.h */ = {isa = PBXFileReference; lastKnownFileType = sourcecode.c.h; path = HomeViewController.h; sourceTree = "<group>"; };
		0F19C79B204421CC00249E3F /* HomeViewController.m */ = {isa = PBXFileReference; lastKnownFileType = sourcecode.c.objc; path = HomeViewController.m; sourceTree = "<group>"; };
		0F19C79E204421CC00249E3F /* Base */ = {isa = PBXFileReference; lastKnownFileType = file.storyboard; name = Base; path = Base.lproj/Main.storyboard; sourceTree = "<group>"; };
		0F19C7A0204421CC00249E3F /* Assets.xcassets */ = {isa = PBXFileReference; lastKnownFileType = folder.assetcatalog; path = Assets.xcassets; sourceTree = "<group>"; };
		0F19C7A3204421CC00249E3F /* Base */ = {isa = PBXFileReference; lastKnownFileType = file.storyboard; name = Base; path = Base.lproj/LaunchScreen.storyboard; sourceTree = "<group>"; };
		0F19C7A5204421CC00249E3F /* Info.plist */ = {isa = PBXFileReference; lastKnownFileType = text.plist.xml; path = Info.plist; sourceTree = "<group>"; };
		0F19C7A6204421CC00249E3F /* main.m */ = {isa = PBXFileReference; lastKnownFileType = sourcecode.c.objc; path = main.m; sourceTree = "<group>"; };
		0F19C7AE20442A6E00249E3F /* PrefixHeader.pch */ = {isa = PBXFileReference; lastKnownFileType = sourcecode.c.h; path = PrefixHeader.pch; sourceTree = "<group>"; };
		0F19C7AF20443BA900249E3F /* UIButton+Extension.h */ = {isa = PBXFileReference; lastKnownFileType = sourcecode.c.h; path = "UIButton+Extension.h"; sourceTree = "<group>"; };
		0F19C7B020443BA900249E3F /* UIButton+Extension.m */ = {isa = PBXFileReference; lastKnownFileType = sourcecode.c.objc; path = "UIButton+Extension.m"; sourceTree = "<group>"; };
		0F3192C420576F6A0032ED6E /* NSObject+Item.h */ = {isa = PBXFileReference; lastKnownFileType = sourcecode.c.h; path = "NSObject+Item.h"; sourceTree = "<group>"; };
		0F3192C520576F6A0032ED6E /* NSObject+Item.m */ = {isa = PBXFileReference; lastKnownFileType = sourcecode.c.objc; path = "NSObject+Item.m"; sourceTree = "<group>"; };
		0F3192C720577CAB0032ED6E /* Movie.h */ = {isa = PBXFileReference; lastKnownFileType = sourcecode.c.h; path = Movie.h; sourceTree = "<group>"; };
		0F3192C820577CAB0032ED6E /* Movie.m */ = {isa = PBXFileReference; lastKnownFileType = sourcecode.c.objc; path = Movie.m; sourceTree = "<group>"; };
		0F3192CA2057A8930032ED6E /* Cinema.h */ = {isa = PBXFileReference; lastKnownFileType = sourcecode.c.h; path = Cinema.h; sourceTree = "<group>"; };
		0F3192CB2057A8930032ED6E /* Cinema.m */ = {isa = PBXFileReference; lastKnownFileType = sourcecode.c.objc; path = Cinema.m; sourceTree = "<group>"; };
		0F4E2870205112F30050ECF2 /* Cat.h */ = {isa = PBXFileReference; lastKnownFileType = sourcecode.c.h; path = Cat.h; sourceTree = "<group>"; };
		0F4E2871205112F30050ECF2 /* Cat.m */ = {isa = PBXFileReference; lastKnownFileType = sourcecode.c.objc; path = Cat.m; sourceTree = "<group>"; };
		0F4E2873205113100050ECF2 /* MsgSendViewController.h */ = {isa = PBXFileReference; lastKnownFileType = sourcecode.c.h; path = MsgSendViewController.h; sourceTree = "<group>"; };
		0F4E2874205113100050ECF2 /* MsgSendViewController.m */ = {isa = PBXFileReference; lastKnownFileType = sourcecode.c.objc; path = MsgSendViewController.m; sourceTree = "<group>"; };
		0F4E2877205120880050ECF2 /* AssociatedViewController.h */ = {isa = PBXFileReference; lastKnownFileType = sourcecode.c.h; path = AssociatedViewController.h; sourceTree = "<group>"; };
		0F4E2878205120880050ECF2 /* AssociatedViewController.m */ = {isa = PBXFileReference; lastKnownFileType = sourcecode.c.objc; path = AssociatedViewController.m; sourceTree = "<group>"; };
		0F4E287B20512A5C0050ECF2 /* MethodViewController.h */ = {isa = PBXFileReference; lastKnownFileType = sourcecode.c.h; path = MethodViewController.h; sourceTree = "<group>"; };
		0F4E287C20512A5C0050ECF2 /* MethodViewController.m */ = {isa = PBXFileReference; lastKnownFileType = sourcecode.c.objc; path = MethodViewController.m; sourceTree = "<group>"; };
		0F4E287E20512A7B0050ECF2 /* Student.h */ = {isa = PBXFileReference; lastKnownFileType = sourcecode.c.h; path = Student.h; sourceTree = "<group>"; };
		0F4E287F20512A7B0050ECF2 /* Student.m */ = {isa = PBXFileReference; lastKnownFileType = sourcecode.c.objc; path = Student.m; sourceTree = "<group>"; };
		0F4E2882205135800050ECF2 /* ForwardMessageViewController.h */ = {isa = PBXFileReference; lastKnownFileType = sourcecode.c.h; path = ForwardMessageViewController.h; sourceTree = "<group>"; };
		0F4E2883205135800050ECF2 /* ForwardMessageViewController.m */ = {isa = PBXFileReference; lastKnownFileType = sourcecode.c.objc; path = ForwardMessageViewController.m; sourceTree = "<group>"; };
		0F4E2885205135C90050ECF2 /* Person.h */ = {isa = PBXFileReference; lastKnownFileType = sourcecode.c.h; path = Person.h; sourceTree = "<group>"; };
		0F4E2886205135C90050ECF2 /* Person.m */ = {isa = PBXFileReference; lastKnownFileType = sourcecode.c.objc; path = Person.m; sourceTree = "<group>"; };
		0F4E288920513C500050ECF2 /* SwizzlMethodViewController.h */ = {isa = PBXFileReference; lastKnownFileType = sourcecode.c.h; path = SwizzlMethodViewController.h; sourceTree = "<group>"; };
		0F4E288A20513C500050ECF2 /* SwizzlMethodViewController.m */ = {isa = PBXFileReference; lastKnownFileType = sourcecode.c.objc; path = SwizzlMethodViewController.m; sourceTree = "<group>"; };
		0F4E288C20513CCF0050ECF2 /* UIImage+Extension.h */ = {isa = PBXFileReference; lastKnownFileType = sourcecode.c.h; path = "UIImage+Extension.h"; sourceTree = "<group>"; };
		0F4E288D20513CCF0050ECF2 /* UIImage+Extension.m */ = {isa = PBXFileReference; lastKnownFileType = sourcecode.c.objc; path = "UIImage+Extension.m"; sourceTree = "<group>"; };
		0F4E288F20514AFE0050ECF2 /* Teachers.h */ = {isa = PBXFileReference; lastKnownFileType = sourcecode.c.h; path = Teachers.h; sourceTree = "<group>"; };
		0F4E289020514AFE0050ECF2 /* Teachers.m */ = {isa = PBXFileReference; lastKnownFileType = sourcecode.c.objc; path = Teachers.m; sourceTree = "<group>"; };
		0F4E2892205160CE0050ECF2 /* UIButton+Count.h */ = {isa = PBXFileReference; lastKnownFileType = sourcecode.c.h; path = "UIButton+Count.h"; sourceTree = "<group>"; };
		0F4E2893205160CE0050ECF2 /* UIButton+Count.m */ = {isa = PBXFileReference; lastKnownFileType = sourcecode.c.objc; path = "UIButton+Count.m"; sourceTree = "<group>"; };
		0F4E28962052330B0050ECF2 /* InvokecationController.h */ = {isa = PBXFileReference; lastKnownFileType = sourcecode.c.h; path = InvokecationController.h; sourceTree = "<group>"; };
		0F4E28972052330B0050ECF2 /* InvokecationController.m */ = {isa = PBXFileReference; lastKnownFileType = sourcecode.c.objc; path = InvokecationController.m; sourceTree = "<group>"; };
		0F4E28E720528DD10050ECF2 /* Girls.h */ = {isa = PBXFileReference; lastKnownFileType = sourcecode.c.h; path = Girls.h; sourceTree = "<group>"; };
		0F4E28E820528DD10050ECF2 /* Girls.m */ = {isa = PBXFileReference; lastKnownFileType = sourcecode.c.objc; path = Girls.m; sourceTree = "<group>"; };
		0FFB1019205629CC0084F7F0 /* MakeModelController.h */ = {isa = PBXFileReference; lastKnownFileType = sourcecode.c.h; path = MakeModelController.h; sourceTree = "<group>"; };
		0FFB101A205629CC0084F7F0 /* MakeModelController.m */ = {isa = PBXFileReference; lastKnownFileType = sourcecode.c.objc; path = MakeModelController.m; sourceTree = "<group>"; };
		0FFB101C20562BBD0084F7F0 /* HttpTool.h */ = {isa = PBXFileReference; lastKnownFileType = sourcecode.c.h; path = HttpTool.h; sourceTree = "<group>"; };
		0FFB101D20562BBD0084F7F0 /* HttpTool.m */ = {isa = PBXFileReference; lastKnownFileType = sourcecode.c.objc; path = HttpTool.m; sourceTree = "<group>"; };
		0FFB101F20562F1F0084F7F0 /* GitHubModel.h */ = {isa = PBXFileReference; lastKnownFileType = sourcecode.c.h; path = GitHubModel.h; sourceTree = "<group>"; };
		0FFB102020562F1F0084F7F0 /* GitHubModel.m */ = {isa = PBXFileReference; lastKnownFileType = sourcecode.c.objc; path = GitHubModel.m; sourceTree = "<group>"; };
		0FFB102220562F500084F7F0 /* NSObject+Model.h */ = {isa = PBXFileReference; lastKnownFileType = sourcecode.c.h; path = "NSObject+Model.h"; sourceTree = "<group>"; };
		0FFB102320562F500084F7F0 /* NSObject+Model.m */ = {isa = PBXFileReference; lastKnownFileType = sourcecode.c.objc; path = "NSObject+Model.m"; sourceTree = "<group>"; };
		0FFB10262056508D0084F7F0 /* ArchiveViewController.h */ = {isa = PBXFileReference; lastKnownFileType = sourcecode.c.h; path = ArchiveViewController.h; sourceTree = "<group>"; };
		0FFB10272056508D0084F7F0 /* ArchiveViewController.m */ = {isa = PBXFileReference; lastKnownFileType = sourcecode.c.objc; path = ArchiveViewController.m; sourceTree = "<group>"; };
		0FFB10292056510A0084F7F0 /* Dog.h */ = {isa = PBXFileReference; lastKnownFileType = sourcecode.c.h; path = Dog.h; sourceTree = "<group>"; };
		0FFB102A2056510A0084F7F0 /* Dog.m */ = {isa = PBXFileReference; lastKnownFileType = sourcecode.c.objc; path = Dog.m; sourceTree = "<group>"; };
/* End PBXFileReference section */

/* Begin PBXFrameworksBuildPhase section */
		0F19C791204421CC00249E3F /* Frameworks */ = {
			isa = PBXFrameworksBuildPhase;
			buildActionMask = 2147483647;
			files = (
			);
			runOnlyForDeploymentPostprocessing = 0;
		};
/* End PBXFrameworksBuildPhase section */

/* Begin PBXGroup section */
		0F0589842056CC1000C1BBA0 /* LCExtension */ = {
			isa = PBXGroup;
			children = (
				0F0589852056CC4500C1BBA0 /* NSObject+LCCoding.h */,
				0F0589862056CC4500C1BBA0 /* NSObject+LCCoding.m */,
			);
			path = LCExtension;
			sourceTree = "<group>";
		};
		0F19C78B204421CC00249E3F = {
			isa = PBXGroup;
			children = (
				0F19C796204421CC00249E3F /* TestRuntime */,
				0F19C795204421CC00249E3F /* Products */,
			);
			sourceTree = "<group>";
		};
		0F19C795204421CC00249E3F /* Products */ = {
			isa = PBXGroup;
			children = (
				0F19C794204421CC00249E3F /* TestRuntime.app */,
			);
			name = Products;
			sourceTree = "<group>";
		};
		0F19C796204421CC00249E3F /* TestRuntime */ = {
			isa = PBXGroup;
			children = (
				0F19C797204421CC00249E3F /* AppDelegate.h */,
				0F19C798204421CC00249E3F /* AppDelegate.m */,
				0F19C79A204421CC00249E3F /* HomeViewController.h */,
				0F19C79B204421CC00249E3F /* HomeViewController.m */,
				0F4E286F205112150050ECF2 /* Messages(消息机制) */,
				0F4E2876205120610050ECF2 /* AssociatedObject(关联属性) */,
				0F4E287A20512A2C0050ECF2 /* ResolveInstanceMethod(动态添加方法) */,
				0F4E2881205135580050ECF2 /* ForwardMessage(消息转发) */,
				0F4E288820513C050050ECF2 /* SwizzlMethod(方法交换) */,
				0F4E2895205232DA0050ECF2 /* NSInvocation使用 */,
				0FFB10182056293E0084F7F0 /* MakeModel(字典转模型) */,
				0FFB1025205650350084F7F0 /* ObjectArchive(对象归档、解档) */,
				0F19C7AD204421E300249E3F /* Other */,
			);
			path = TestRuntime;
			sourceTree = "<group>";
		};
		0F19C7AD204421E300249E3F /* Other */ = {
			isa = PBXGroup;
			children = (
				0F19C79D204421CC00249E3F /* Main.storyboard */,
				0F19C7A0204421CC00249E3F /* Assets.xcassets */,
				0F19C7A2204421CC00249E3F /* LaunchScreen.storyboard */,
				0F19C7A5204421CC00249E3F /* Info.plist */,
				0F19C7A6204421CC00249E3F /* main.m */,
				0F19C7AE20442A6E00249E3F /* PrefixHeader.pch */,
			);
			path = Other;
			sourceTree = "<group>";
		};
		0F4E286F205112150050ECF2 /* Messages(消息机制) */ = {
			isa = PBXGroup;
			children = (
				0F4E2870205112F30050ECF2 /* Cat.h */,
				0F4E2871205112F30050ECF2 /* Cat.m */,
				0F4E2873205113100050ECF2 /* MsgSendViewController.h */,
				0F4E2874205113100050ECF2 /* MsgSendViewController.m */,
			);
			path = "Messages(消息机制)";
			sourceTree = "<group>";
		};
		0F4E2876205120610050ECF2 /* AssociatedObject(关联属性) */ = {
			isa = PBXGroup;
			children = (
				0F19C7AF20443BA900249E3F /* UIButton+Extension.h */,
				0F19C7B020443BA900249E3F /* UIButton+Extension.m */,
				0F4E2877205120880050ECF2 /* AssociatedViewController.h */,
				0F4E2878205120880050ECF2 /* AssociatedViewController.m */,
			);
			path = "AssociatedObject(关联属性)";
			sourceTree = "<group>";
		};
		0F4E287A20512A2C0050ECF2 /* ResolveInstanceMethod(动态添加方法) */ = {
			isa = PBXGroup;
			children = (
				0F4E287B20512A5C0050ECF2 /* MethodViewController.h */,
				0F4E287C20512A5C0050ECF2 /* MethodViewController.m */,
				0F4E287E20512A7B0050ECF2 /* Student.h */,
				0F4E287F20512A7B0050ECF2 /* Student.m */,
			);
			path = "ResolveInstanceMethod(动态添加方法)";
			sourceTree = "<group>";
		};
		0F4E2881205135580050ECF2 /* ForwardMessage(消息转发) */ = {
			isa = PBXGroup;
			children = (
				0F4E2882205135800050ECF2 /* ForwardMessageViewController.h */,
				0F4E2883205135800050ECF2 /* ForwardMessageViewController.m */,
				0F4E2885205135C90050ECF2 /* Person.h */,
				0F4E2886205135C90050ECF2 /* Person.m */,
			);
			path = "ForwardMessage(消息转发)";
			sourceTree = "<group>";
		};
		0F4E288820513C050050ECF2 /* SwizzlMethod(方法交换) */ = {
			isa = PBXGroup;
			children = (
				0F4E288920513C500050ECF2 /* SwizzlMethodViewController.h */,
				0F4E288A20513C500050ECF2 /* SwizzlMethodViewController.m */,
				0F4E288C20513CCF0050ECF2 /* UIImage+Extension.h */,
				0F4E288D20513CCF0050ECF2 /* UIImage+Extension.m */,
				0F4E288F20514AFE0050ECF2 /* Teachers.h */,
				0F4E289020514AFE0050ECF2 /* Teachers.m */,
				0F4E2892205160CE0050ECF2 /* UIButton+Count.h */,
				0F4E2893205160CE0050ECF2 /* UIButton+Count.m */,
			);
			path = "SwizzlMethod(方法交换)";
			sourceTree = "<group>";
		};
		0F4E2895205232DA0050ECF2 /* NSInvocation使用 */ = {
			isa = PBXGroup;
			children = (
				0F4E28962052330B0050ECF2 /* InvokecationController.h */,
				0F4E28972052330B0050ECF2 /* InvokecationController.m */,
				0F4E28E720528DD10050ECF2 /* Girls.h */,
				0F4E28E820528DD10050ECF2 /* Girls.m */,
			);
			path = "NSInvocation使用";
			sourceTree = "<group>";
		};
		0FFB10182056293E0084F7F0 /* MakeModel(字典转模型) */ = {
			isa = PBXGroup;
			children = (
				0FFB1019205629CC0084F7F0 /* MakeModelController.h */,
				0FFB101A205629CC0084F7F0 /* MakeModelController.m */,
				0FFB101C20562BBD0084F7F0 /* HttpTool.h */,
				0FFB101D20562BBD0084F7F0 /* HttpTool.m */,
				0FFB101F20562F1F0084F7F0 /* GitHubModel.h */,
				0FFB102020562F1F0084F7F0 /* GitHubModel.m */,
				0F3192C720577CAB0032ED6E /* Movie.h */,
				0F3192C820577CAB0032ED6E /* Movie.m */,
				0F3192CA2057A8930032ED6E /* Cinema.h */,
				0F3192CB2057A8930032ED6E /* Cinema.m */,
				0FFB102220562F500084F7F0 /* NSObject+Model.h */,
				0FFB102320562F500084F7F0 /* NSObject+Model.m */,
				0F3192C420576F6A0032ED6E /* NSObject+Item.h */,
				0F3192C520576F6A0032ED6E /* NSObject+Item.m */,
			);
			path = "MakeModel(字典转模型)";
			sourceTree = "<group>";
		};
		0FFB1025205650350084F7F0 /* ObjectArchive(对象归档、解档) */ = {
			isa = PBXGroup;
			children = (
				0FFB10262056508D0084F7F0 /* ArchiveViewController.h */,
				0FFB10272056508D0084F7F0 /* ArchiveViewController.m */,
				0FFB10292056510A0084F7F0 /* Dog.h */,
				0FFB102A2056510A0084F7F0 /* Dog.m */,
				0F0589842056CC1000C1BBA0 /* LCExtension */,
			);
			path = "ObjectArchive(对象归档、解档)";
			sourceTree = "<group>";
		};
/* End PBXGroup section */

/* Begin PBXNativeTarget section */
		0F19C793204421CC00249E3F /* TestRuntime */ = {
			isa = PBXNativeTarget;
			buildConfigurationList = 0F19C7AA204421CC00249E3F /* Build configuration list for PBXNativeTarget "TestRuntime" */;
			buildPhases = (
				0F19C790204421CC00249E3F /* Sources */,
				0F19C791204421CC00249E3F /* Frameworks */,
				0F19C792204421CC00249E3F /* Resources */,
			);
			buildRules = (
			);
			dependencies = (
			);
			name = TestRuntime;
			productName = TestRuntime;
			productReference = 0F19C794204421CC00249E3F /* TestRuntime.app */;
			productType = "com.apple.product-type.application";
		};
/* End PBXNativeTarget section */

/* Begin PBXProject section */
		0F19C78C204421CC00249E3F /* Project object */ = {
			isa = PBXProject;
			attributes = {
				LastUpgradeCheck = 0920;
				ORGANIZATIONNAME = MarisLin;
				TargetAttributes = {
					0F19C793204421CC00249E3F = {
						CreatedOnToolsVersion = 9.2;
						ProvisioningStyle = Automatic;
					};
				};
			};
			buildConfigurationList = 0F19C78F204421CC00249E3F /* Build configuration list for PBXProject "TestRuntime" */;
			compatibilityVersion = "Xcode 8.0";
			developmentRegion = en;
			hasScannedForEncodings = 0;
			knownRegions = (
				en,
				Base,
			);
			mainGroup = 0F19C78B204421CC00249E3F;
			productRefGroup = 0F19C795204421CC00249E3F /* Products */;
			projectDirPath = "";
			projectRoot = "";
			targets = (
				0F19C793204421CC00249E3F /* TestRuntime */,
			);
		};
/* End PBXProject section */

/* Begin PBXResourcesBuildPhase section */
		0F19C792204421CC00249E3F /* Resources */ = {
			isa = PBXResourcesBuildPhase;
			buildActionMask = 2147483647;
			files = (
				0F19C7A4204421CC00249E3F /* LaunchScreen.storyboard in Resources */,
				0F19C7A1204421CC00249E3F /* Assets.xcassets in Resources */,
				0F19C79F204421CC00249E3F /* Main.storyboard in Resources */,
			);
			runOnlyForDeploymentPostprocessing = 0;
		};
/* End PBXResourcesBuildPhase section */

/* Begin PBXSourcesBuildPhase section */
		0F19C790204421CC00249E3F /* Sources */ = {
			isa = PBXSourcesBuildPhase;
			buildActionMask = 2147483647;
			files = (
				0F19C79C204421CC00249E3F /* HomeViewController.m in Sources */,
				0FFB102B2056510A0084F7F0 /* Dog.m in Sources */,
				0FFB10282056508D0084F7F0 /* ArchiveViewController.m in Sources */,
				0F4E28982052330B0050ECF2 /* InvokecationController.m in Sources */,
				0F4E287D20512A5C0050ECF2 /* MethodViewController.m in Sources */,
				0FFB101B205629CC0084F7F0 /* MakeModelController.m in Sources */,
				0F4E2887205135C90050ECF2 /* Person.m in Sources */,
				0F19C7B120443BA900249E3F /* UIButton+Extension.m in Sources */,
				0F19C7A7204421CC00249E3F /* main.m in Sources */,
				0F4E2879205120880050ECF2 /* AssociatedViewController.m in Sources */,
				0F3192C920577CAB0032ED6E /* Movie.m in Sources */,
				0F3192CC2057A8930032ED6E /* Cinema.m in Sources */,
				0F19C799204421CC00249E3F /* AppDelegate.m in Sources */,
				0FFB102420562F500084F7F0 /* NSObject+Model.m in Sources */,
				0F4E2884205135800050ECF2 /* ForwardMessageViewController.m in Sources */,
				0F4E28E920528DD10050ECF2 /* Girls.m in Sources */,
				0FFB101E20562BBD0084F7F0 /* HttpTool.m in Sources */,
				0FFB102120562F1F0084F7F0 /* GitHubModel.m in Sources */,
				0F0589872056CC4500C1BBA0 /* NSObject+LCCoding.m in Sources */,
				0F4E288E20513CCF0050ECF2 /* UIImage+Extension.m in Sources */,
				0F4E2875205113100050ECF2 /* MsgSendViewController.m in Sources */,
				0F4E289120514AFE0050ECF2 /* Teachers.m in Sources */,
				0F4E2872205112F30050ECF2 /* Cat.m in Sources */,
				0F4E288B20513C500050ECF2 /* SwizzlMethodViewController.m in Sources */,
				0F3192C620576F6A0032ED6E /* NSObject+Item.m in Sources */,
				0F4E288020512A7B0050ECF2 /* Student.m in Sources */,
				0F4E2894205160CE0050ECF2 /* UIButton+Count.m in Sources */,
			);
			runOnlyForDeploymentPostprocessing = 0;
		};
/* End PBXSourcesBuildPhase section */

/* Begin PBXVariantGroup section */
		0F19C79D204421CC00249E3F /* Main.storyboard */ = {
			isa = PBXVariantGroup;
			children = (
				0F19C79E204421CC00249E3F /* Base */,
			);
			name = Main.storyboard;
			sourceTree = "<group>";
		};
		0F19C7A2204421CC00249E3F /* LaunchScreen.storyboard */ = {
			isa = PBXVariantGroup;
			children = (
				0F19C7A3204421CC00249E3F /* Base */,
			);
			name = LaunchScreen.storyboard;
			sourceTree = "<group>";
		};
/* End PBXVariantGroup section */

/* Begin XCBuildConfiguration section */
		0F19C7A8204421CC00249E3F /* Debug */ = {
			isa = XCBuildConfiguration;
			buildSettings = {
				ALWAYS_SEARCH_USER_PATHS = NO;
				CLANG_ANALYZER_NONNULL = YES;
				CLANG_ANALYZER_NUMBER_OBJECT_CONVERSION = YES_AGGRESSIVE;
				CLANG_CXX_LANGUAGE_STANDARD = "gnu++14";
				CLANG_CXX_LIBRARY = "libc++";
				CLANG_ENABLE_MODULES = YES;
				CLANG_ENABLE_OBJC_ARC = YES;
				CLANG_WARN_BLOCK_CAPTURE_AUTORELEASING = YES;
				CLANG_WARN_BOOL_CONVERSION = YES;
				CLANG_WARN_COMMA = YES;
				CLANG_WARN_CONSTANT_CONVERSION = YES;
				CLANG_WARN_DIRECT_OBJC_ISA_USAGE = YES_ERROR;
				CLANG_WARN_DOCUMENTATION_COMMENTS = YES;
				CLANG_WARN_EMPTY_BODY = YES;
				CLANG_WARN_ENUM_CONVERSION = YES;
				CLANG_WARN_INFINITE_RECURSION = YES;
				CLANG_WARN_INT_CONVERSION = YES;
				CLANG_WARN_NON_LITERAL_NULL_CONVERSION = YES;
				CLANG_WARN_OBJC_LITERAL_CONVERSION = YES;
				CLANG_WARN_OBJC_ROOT_CLASS = YES_ERROR;
				CLANG_WARN_RANGE_LOOP_ANALYSIS = YES;
				CLANG_WARN_STRICT_PROTOTYPES = YES;
				CLANG_WARN_SUSPICIOUS_MOVE = YES;
				CLANG_WARN_UNGUARDED_AVAILABILITY = YES_AGGRESSIVE;
				CLANG_WARN_UNREACHABLE_CODE = YES;
				CLANG_WARN__DUPLICATE_METHOD_MATCH = YES;
				CODE_SIGN_IDENTITY = "iPhone Developer";
				COPY_PHASE_STRIP = NO;
				DEBUG_INFORMATION_FORMAT = dwarf;
				ENABLE_STRICT_OBJC_MSGSEND = YES;
				ENABLE_TESTABILITY = YES;
				GCC_C_LANGUAGE_STANDARD = gnu11;
				GCC_DYNAMIC_NO_PIC = NO;
				GCC_NO_COMMON_BLOCKS = YES;
				GCC_OPTIMIZATION_LEVEL = 0;
				GCC_PREPROCESSOR_DEFINITIONS = (
					"DEBUG=1",
					"$(inherited)",
				);
				GCC_WARN_64_TO_32_BIT_CONVERSION = YES;
				GCC_WARN_ABOUT_RETURN_TYPE = YES_ERROR;
				GCC_WARN_UNDECLARED_SELECTOR = YES;
				GCC_WARN_UNINITIALIZED_AUTOS = YES_AGGRESSIVE;
				GCC_WARN_UNUSED_FUNCTION = YES;
				GCC_WARN_UNUSED_VARIABLE = YES;
				IPHONEOS_DEPLOYMENT_TARGET = 11.2;
				MTL_ENABLE_DEBUG_INFO = YES;
				ONLY_ACTIVE_ARCH = YES;
				SDKROOT = iphoneos;
			};
			name = Debug;
		};
		0F19C7A9204421CC00249E3F /* Release */ = {
			isa = XCBuildConfiguration;
			buildSettings = {
				ALWAYS_SEARCH_USER_PATHS = NO;
				CLANG_ANALYZER_NONNULL = YES;
				CLANG_ANALYZER_NUMBER_OBJECT_CONVERSION = YES_AGGRESSIVE;
				CLANG_CXX_LANGUAGE_STANDARD = "gnu++14";
				CLANG_CXX_LIBRARY = "libc++";
				CLANG_ENABLE_MODULES = YES;
				CLANG_ENABLE_OBJC_ARC = YES;
				CLANG_WARN_BLOCK_CAPTURE_AUTORELEASING = YES;
				CLANG_WARN_BOOL_CONVERSION = YES;
				CLANG_WARN_COMMA = YES;
				CLANG_WARN_CONSTANT_CONVERSION = YES;
				CLANG_WARN_DIRECT_OBJC_ISA_USAGE = YES_ERROR;
				CLANG_WARN_DOCUMENTATION_COMMENTS = YES;
				CLANG_WARN_EMPTY_BODY = YES;
				CLANG_WARN_ENUM_CONVERSION = YES;
				CLANG_WARN_INFINITE_RECURSION = YES;
				CLANG_WARN_INT_CONVERSION = YES;
				CLANG_WARN_NON_LITERAL_NULL_CONVERSION = YES;
				CLANG_WARN_OBJC_LITERAL_CONVERSION = YES;
				CLANG_WARN_OBJC_ROOT_CLASS = YES_ERROR;
				CLANG_WARN_RANGE_LOOP_ANALYSIS = YES;
				CLANG_WARN_STRICT_PROTOTYPES = YES;
				CLANG_WARN_SUSPICIOUS_MOVE = YES;
				CLANG_WARN_UNGUARDED_AVAILABILITY = YES_AGGRESSIVE;
				CLANG_WARN_UNREACHABLE_CODE = YES;
				CLANG_WARN__DUPLICATE_METHOD_MATCH = YES;
				CODE_SIGN_IDENTITY = "iPhone Developer";
				COPY_PHASE_STRIP = NO;
				DEBUG_INFORMATION_FORMAT = "dwarf-with-dsym";
				ENABLE_NS_ASSERTIONS = NO;
				ENABLE_STRICT_OBJC_MSGSEND = YES;
				GCC_C_LANGUAGE_STANDARD = gnu11;
				GCC_NO_COMMON_BLOCKS = YES;
				GCC_WARN_64_TO_32_BIT_CONVERSION = YES;
				GCC_WARN_ABOUT_RETURN_TYPE = YES_ERROR;
				GCC_WARN_UNDECLARED_SELECTOR = YES;
				GCC_WARN_UNINITIALIZED_AUTOS = YES_AGGRESSIVE;
				GCC_WARN_UNUSED_FUNCTION = YES;
				GCC_WARN_UNUSED_VARIABLE = YES;
				IPHONEOS_DEPLOYMENT_TARGET = 11.2;
				MTL_ENABLE_DEBUG_INFO = NO;
				SDKROOT = iphoneos;
				VALIDATE_PRODUCT = YES;
			};
			name = Release;
		};
		0F19C7AB204421CC00249E3F /* Debug */ = {
			isa = XCBuildConfiguration;
			buildSettings = {
				ASSETCATALOG_COMPILER_APPICON_NAME = AppIcon;
				CODE_SIGN_STYLE = Automatic;
				DEVELOPMENT_TEAM = QBNT7R8ZWH;
				ENABLE_STRICT_OBJC_MSGSEND = NO;
				GCC_PREFIX_HEADER = TestRuntime/Other/PrefixHeader.pch;
				INFOPLIST_FILE = "$(SRCROOT)/TestRuntime/Other/Info.plist";
				IPHONEOS_DEPLOYMENT_TARGET = 10.0;
				LD_RUNPATH_SEARCH_PATHS = "$(inherited) @executable_path/Frameworks";
				PRODUCT_BUNDLE_IDENTIFIER = bfkj.TestRuntime;
				PRODUCT_NAME = "$(TARGET_NAME)";
				TARGETED_DEVICE_FAMILY = "1,2";
			};
			name = Debug;
		};
		0F19C7AC204421CC00249E3F /* Release */ = {
			isa = XCBuildConfiguration;
			buildSettings = {
				ASSETCATALOG_COMPILER_APPICON_NAME = AppIcon;
				CODE_SIGN_STYLE = Automatic;
				DEVELOPMENT_TEAM = QBNT7R8ZWH;
				ENABLE_STRICT_OBJC_MSGSEND = NO;
				GCC_PREFIX_HEADER = TestRuntime/Other/PrefixHeader.pch;
				INFOPLIST_FILE = "$(SRCROOT)/TestRuntime/Other/Info.plist";
				IPHONEOS_DEPLOYMENT_TARGET = 10.0;
				LD_RUNPATH_SEARCH_PATHS = "$(inherited) @executable_path/Frameworks";
				PRODUCT_BUNDLE_IDENTIFIER = bfkj.TestRuntime;
				PRODUCT_NAME = "$(TARGET_NAME)";
				TARGETED_DEVICE_FAMILY = "1,2";
			};
			name = Release;
		};
/* End XCBuildConfiguration section */

/* Begin XCConfigurationList section */
		0F19C78F204421CC00249E3F /* Build configuration list for PBXProject "TestRuntime" */ = {
			isa = XCConfigurationList;
			buildConfigurations = (
				0F19C7A8204421CC00249E3F /* Debug */,
				0F19C7A9204421CC00249E3F /* Release */,
			);
			defaultConfigurationIsVisible = 0;
			defaultConfigurationName = Release;
		};
		0F19C7AA204421CC00249E3F /* Build configuration list for PBXNativeTarget "TestRuntime" */ = {
			isa = XCConfigurationList;
			buildConfigurations = (
				0F19C7AB204421CC00249E3F /* Debug */,
				0F19C7AC204421CC00249E3F /* Release */,
			);
			defaultConfigurationIsVisible = 0;
			defaultConfigurationName = Release;
		};
/* End XCConfigurationList section */
	};
	rootObject = 0F19C78C204421CC00249E3F /* Project object */;
}
